
Microsoft Visual Studio Solution File, Format Version 11.00
# Visual Studio 2010
Project("{FAE04EC0-301F-11D3-BF4B-00C04F79EFBC}") = "Custom Renko Chart None-overlay", "Custom Renko Chart None-overlay\Custom Renko Chart None-overlay.csproj", "{D24858FC-429C-41CF-87E1-C8191161BEC9}"
EndProject
Global
	GlobalSection(SolutionConfigurationPlatforms) = preSolution
		Debug|Any CPU = Debug|Any CPU
		Release|Any CPU = Release|Any CPU
	EndGlobalSection
	GlobalSection(ProjectConfigurationPlatforms) = postSolution
		{D24858FC-429C-41CF-87E1-C8191161BEC9}.Debug|Any CPU.ActiveCfg = Debug|Any CPU
		{D24858FC-429C-41CF-87E1-C8191161BEC9}.Debug|Any CPU.Build.0 = Debug|Any CPU
		{D24858FC-429C-41CF-87E1-C8191161BEC9}.Release|Any CPU.ActiveCfg = Release|Any CPU
		{D24858FC-429C-41CF-87E1-C8191161BEC9}.Release|Any CPU.Build.0 = Release|Any CPU
	EndGlobalSection
	GlobalSection(SolutionProperties) = preSolution
		HideSolutionNode = FALSE
	EndGlobalSection
EndGlobal
